
Microsoft Visual Studio Solution File, Format Version 12.00
# Visual Studio Version 16
VisualStudioVersion = 16.0.31025.194
MinimumVisualStudioVersion = 10.0.40219.1
Project("{FAE04EC0-301F-11D3-BF4B-00C04F79EFBC}") = "Shopaccjx2.service", "Shopaccjx2.service\Shopaccjx2.service.csproj", "{B274D574-7DF1-4F76-9D05-027052F1214A}"
EndProject
Project("{FAE04EC0-301F-11D3-BF4B-00C04F79EFBC}") = "Shopaccjx2.client", "Shopaccjx2.client\Shopaccjx2.client.csproj", "{4158A0C5-E184-4807-B55B-9FF38CAE8352}"
EndProject
Project("{FAE04EC0-301F-11D3-BF4B-00C04F79EFBC}") = "Shopaccjx2.data", "Shopaccjx2.data\Shopaccjx2.data.csproj", "{BD0E09E3-0BEB-4F45-A0F2-BB538D240114}"
EndProject
Global
	GlobalSection(SolutionConfigurationPlatforms) = preSolution
		Debug|Any CPU = Debug|Any CPU
		Release|Any CPU = Release|Any CPU
	EndGlobalSection
	GlobalSection(ProjectConfigurationPlatforms) = postSolution
		{B274D574-7DF1-4F76-9D05-027052F1214A}.Debug|Any CPU.ActiveCfg = Debug|Any CPU
		{B274D574-7DF1-4F76-9D05-027052F1214A}.Debug|Any CPU.Build.0 = Debug|Any CPU
		{B274D574-7DF1-4F76-9D05-027052F1214A}.Release|Any CPU.ActiveCfg = Release|Any CPU
		{B274D574-7DF1-4F76-9D05-027052F1214A}.Release|Any CPU.Build.0 = Release|Any CPU
		{4158A0C5-E184-4807-B55B-9FF38CAE8352}.Debug|Any CPU.ActiveCfg = Debug|Any CPU
		{4158A0C5-E184-4807-B55B-9FF38CAE8352}.Debug|Any CPU.Build.0 = Debug|Any CPU
		{4158A0C5-E184-4807-B55B-9FF38CAE8352}.Release|Any CPU.ActiveCfg = Release|Any CPU
		{4158A0C5-E184-4807-B55B-9FF38CAE8352}.Release|Any CPU.Build.0 = Release|Any CPU
		{BD0E09E3-0BEB-4F45-A0F2-BB538D240114}.Debug|Any CPU.ActiveCfg = Debug|Any CPU
		{BD0E09E3-0BEB-4F45-A0F2-BB538D240114}.Debug|Any CPU.Build.0 = Debug|Any CPU
		{BD0E09E3-0BEB-4F45-A0F2-BB538D240114}.Release|Any CPU.ActiveCfg = Release|Any CPU
		{BD0E09E3-0BEB-4F45-A0F2-BB538D240114}.Release|Any CPU.Build.0 = Release|Any CPU
	EndGlobalSection
	GlobalSection(SolutionProperties) = preSolution
		HideSolutionNode = FALSE
	EndGlobalSection
	GlobalSection(ExtensibilityGlobals) = postSolution
		SolutionGuid = {E5550660-CEC9-4A12-8D02-6CC5A5B37FD9}
	EndGlobalSection
EndGlobal
